{
  "version": "5",
  "specifiers": {
    "jsr:@sigma/deno-compat@0.23.0": "0.23.0",
    "jsr:@sigmasd/gtk@0.66": "0.66.0"
  },
  "jsr": {
    "@sigma/deno-compat@0.23.0": {
      "integrity": "3e116e19096601c3e078311864b653a207592195ae6a3f634a45931eb1a21481"
    },
    "@sigmasd/gtk@0.66.0": {
      "integrity": "8413276461cddd895693cd262db2746c993c633eb7aeac9e6e2477cac430b802",
      "dependencies": [
        "jsr:@sigma/deno-compat"
      ]
    }
  },
  "workspace": {
    "dependencies": [
      "jsr:@sigmasd/gtk@0.66"
    ]
  }
}
